
Microsoft Visual Studio Solution File, Format Version 12.00
# Visual Studio Version 16
VisualStudioVersion = 16.0.30907.101
MinimumVisualStudioVersion = 10.0.40219.1
Project("{FAE04EC0-301F-11D3-BF4B-00C04F79EFBC}") = "Test22", "Test22.csproj", "{781B674F-2F15-47CF-91D1-1C09EFAF5F7C}"
EndProject
Global
	GlobalSection(SolutionConfigurationPlatforms) = preSolution
		Debug|Any CPU = Debug|Any CPU
		Release|Any CPU = Release|Any CPU
	EndGlobalSection
	GlobalSection(ProjectConfigurationPlatforms) = postSolution
		{781B674F-2F15-47CF-91D1-1C09EFAF5F7C}.Debug|Any CPU.ActiveCfg = Debug|Any CPU
		{781B674F-2F15-47CF-91D1-1C09EFAF5F7C}.Debug|Any CPU.Build.0 = Debug|Any CPU
		{781B674F-2F15-47CF-91D1-1C09EFAF5F7C}.Release|Any CPU.ActiveCfg = Release|Any CPU
		{781B674F-2F15-47CF-91D1-1C09EFAF5F7C}.Release|Any CPU.Build.0 = Release|Any CPU
	EndGlobalSection
	GlobalSection(SolutionProperties) = preSolution
		HideSolutionNode = FALSE
	EndGlobalSection
	GlobalSection(ExtensibilityGlobals) = postSolution
		SolutionGuid = {8326D094-B7A9-44CE-877D-D350F98685C6}
	EndGlobalSection
EndGlobal
